// !$*UTF8*$!
{
	archiveVersion = 1;
	classes = {
	};
	objectVersion = 50;
	objects = {

/* Begin PBXBuildFile section */
		02071FCC2285CC1F00A4122E /* AppDelegate.swift in Sources */ = {isa = PBXBuildFile; fileRef = 02071FCB2285CC1F00A4122E /* AppDelegate.swift */; };
		02071FD12285CC1F00A4122E /* Main.storyboard in Resources */ = {isa = PBXBuildFile; fileRef = 02071FCF2285CC1F00A4122E /* Main.storyboard */; };
		02071FD32285CC2000A4122E /* Assets.xcassets in Resources */ = {isa = PBXBuildFile; fileRef = 02071FD22285CC2000A4122E /* Assets.xcassets */; };
		02071FD62285CC2000A4122E /* LaunchScreen.storyboard in Resources */ = {isa = PBXBuildFile; fileRef = 02071FD42285CC2000A4122E /* LaunchScreen.storyboard */; };
		02071FE32285CE6900A4122E /* Groceries.xcdatamodeld in Sources */ = {isa = PBXBuildFile; fileRef = 02071FE12285CE6900A4122E /* Groceries.xcdatamodeld */; };
		02071FE52285CEE700A4122E /* GroceriesTableViewController.swift in Sources */ = {isa = PBXBuildFile; fileRef = 02071FE42285CEE600A4122E /* GroceriesTableViewController.swift */; };
		02071FE72285CF1200A4122E /* GroceriesController.swift in Sources */ = {isa = PBXBuildFile; fileRef = 02071FE62285CF1200A4122E /* GroceriesController.swift */; };
		02071FE92285D11900A4122E /* GroceriesTableViewCell.swift in Sources */ = {isa = PBXBuildFile; fileRef = 02071FE82285D11900A4122E /* GroceriesTableViewCell.swift */; };
		02071FEB2285D3CB00A4122E /* Groceries+Convenience.swift in Sources */ = {isa = PBXBuildFile; fileRef = 02071FEA2285D3CB00A4122E /* Groceries+Convenience.swift */; };
		02071FED2285D67200A4122E /* CoreDataStack.swift in Sources */ = {isa = PBXBuildFile; fileRef = 02071FEC2285D67200A4122E /* CoreDataStack.swift */; };
/* End PBXBuildFile section */

/* Begin PBXFileReference section */
		02071FC82285CC1F00A4122E /* Groceries.app */ = {isa = PBXFileReference; explicitFileType = wrapper.application; includeInIndex = 0; path = Groceries.app; sourceTree = BUILT_PRODUCTS_DIR; };
		02071FCB2285CC1F00A4122E /* AppDelegate.swift */ = {isa = PBXFileReference; lastKnownFileType = sourcecode.swift; path = AppDelegate.swift; sourceTree = "<group>"; };
		02071FD02285CC1F00A4122E /* Base */ = {isa = PBXFileReference; lastKnownFileType = file.storyboard; name = Base; path = Base.lproj/Main.storyboard; sourceTree = "<group>"; };
		02071FD22285CC2000A4122E /* Assets.xcassets */ = {isa = PBXFileReference; lastKnownFileType = folder.assetcatalog; path = Assets.xcassets; sourceTree = "<group>"; };
		02071FD52285CC2000A4122E /* Base */ = {isa = PBXFileReference; lastKnownFileType = file.storyboard; name = Base; path = Base.lproj/LaunchScreen.storyboard; sourceTree = "<group>"; };
		02071FD72285CC2000A4122E /* Info.plist */ = {isa = PBXFileReference; lastKnownFileType = text.plist.xml; path = Info.plist; sourceTree = "<group>"; };
		02071FE22285CE6900A4122E /* Groceries.xcdatamodel */ = {isa = PBXFileReference; lastKnownFileType = wrapper.xcdatamodel; path = Groceries.xcdatamodel; sourceTree = "<group>"; };
		02071FE42285CEE600A4122E /* GroceriesTableViewController.swift */ = {isa = PBXFileReference; lastKnownFileType = sourcecode.swift; path = GroceriesTableViewController.swift; sourceTree = "<group>"; };
		02071FE62285CF1200A4122E /* GroceriesController.swift */ = {isa = PBXFileReference; lastKnownFileType = sourcecode.swift; path = GroceriesController.swift; sourceTree = "<group>"; };
		02071FE82285D11900A4122E /* GroceriesTableViewCell.swift */ = {isa = PBXFileReference; lastKnownFileType = sourcecode.swift; path = GroceriesTableViewCell.swift; sourceTree = "<group>"; };
		02071FEA2285D3CB00A4122E /* Groceries+Convenience.swift */ = {isa = PBXFileReference; lastKnownFileType = sourcecode.swift; path = "Groceries+Convenience.swift"; sourceTree = "<group>"; };
		02071FEC2285D67200A4122E /* CoreDataStack.swift */ = {isa = PBXFileReference; lastKnownFileType = sourcecode.swift; path = CoreDataStack.swift; sourceTree = "<group>"; };
/* End PBXFileReference section */

/* Begin PBXFrameworksBuildPhase section */
		02071FC52285CC1F00A4122E /* Frameworks */ = {
			isa = PBXFrameworksBuildPhase;
			buildActionMask = 2147483647;
			files = (
			);
			runOnlyForDeploymentPostprocessing = 0;
		};
/* End PBXFrameworksBuildPhase section */

/* Begin PBXGroup section */
		02071FBF2285CC1F00A4122E = {
			isa = PBXGroup;
			children = (
				02071FCA2285CC1F00A4122E /* Groceries */,
				02071FC92285CC1F00A4122E /* Products */,
			);
			sourceTree = "<group>";
		};
		02071FC92285CC1F00A4122E /* Products */ = {
			isa = PBXGroup;
			children = (
				02071FC82285CC1F00A4122E /* Groceries.app */,
			);
			name = Products;
			sourceTree = "<group>";
		};
		02071FCA2285CC1F00A4122E /* Groceries */ = {
			isa = PBXGroup;
			children = (
				02071FDD2285CC6000A4122E /* Resources */,
				02071FCF2285CC1F00A4122E /* Main.storyboard */,
				02071FEF2285DB3800A4122E /* Model */,
				02071FEE2285DB2700A4122E /* ViewControllers */,
				02071FF02285DB4300A4122E /* ModelControllers */,
			);
			path = Groceries;
			sourceTree = "<group>";
		};
		02071FDD2285CC6000A4122E /* Resources */ = {
			isa = PBXGroup;
			children = (
				02071FCB2285CC1F00A4122E /* AppDelegate.swift */,
				02071FD22285CC2000A4122E /* Assets.xcassets */,
				02071FD42285CC2000A4122E /* LaunchScreen.storyboard */,
				02071FD72285CC2000A4122E /* Info.plist */,
			);
			path = Resources;
			sourceTree = "<group>";
		};
		02071FEE2285DB2700A4122E /* ViewControllers */ = {
			isa = PBXGroup;
			children = (
				02071FE42285CEE600A4122E /* GroceriesTableViewController.swift */,
				02071FE82285D11900A4122E /* GroceriesTableViewCell.swift */,
			);
			path = ViewControllers;
			sourceTree = "<group>";
		};
		02071FEF2285DB3800A4122E /* Model */ = {
			isa = PBXGroup;
			children = (
				02071FE12285CE6900A4122E /* Groceries.xcdatamodeld */,
				02071FEC2285D67200A4122E /* CoreDataStack.swift */,
				02071FEA2285D3CB00A4122E /* Groceries+Convenience.swift */,
			);
			path = Model;
			sourceTree = "<group>";
		};
		02071FF02285DB4300A4122E /* ModelControllers */ = {
			isa = PBXGroup;
			children = (
				02071FE62285CF1200A4122E /* GroceriesController.swift */,
			);
			path = ModelControllers;
			sourceTree = "<group>";
		};
/* End PBXGroup section */

/* Begin PBXNativeTarget section */
		02071FC72285CC1F00A4122E /* Groceries */ = {
			isa = PBXNativeTarget;
			buildConfigurationList = 02071FDA2285CC2000A4122E /* Build configuration list for PBXNativeTarget "Groceries" */;
			buildPhases = (
				02071FC42285CC1F00A4122E /* Sources */,
				02071FC52285CC1F00A4122E /* Frameworks */,
				02071FC62285CC1F00A4122E /* Resources */,
			);
			buildRules = (
			);
			dependencies = (
			);
			name = Groceries;
			productName = Assessment2;
			productReference = 02071FC82285CC1F00A4122E /* Groceries.app */;
			productType = "com.apple.product-type.application";
		};
/* End PBXNativeTarget section */

/* Begin PBXProject section */
		02071FC02285CC1F00A4122E /* Project object */ = {
			isa = PBXProject;
			attributes = {
				LastSwiftUpdateCheck = 1020;
				LastUpgradeCheck = 1020;
				ORGANIZATIONNAME = "Bobba Kadush";
				TargetAttributes = {
					02071FC72285CC1F00A4122E = {
						CreatedOnToolsVersion = 10.2.1;
					};
				};
			};
			buildConfigurationList = 02071FC32285CC1F00A4122E /* Build configuration list for PBXProject "Groceries" */;
			compatibilityVersion = "Xcode 9.3";
			developmentRegion = en;
			hasScannedForEncodings = 0;
			knownRegions = (
				en,
				Base,
			);
			mainGroup = 02071FBF2285CC1F00A4122E;
			productRefGroup = 02071FC92285CC1F00A4122E /* Products */;
			projectDirPath = "";
			projectRoot = "";
			targets = (
				02071FC72285CC1F00A4122E /* Groceries */,
			);
		};
/* End PBXProject section */

/* Begin PBXResourcesBuildPhase section */
		02071FC62285CC1F00A4122E /* Resources */ = {
			isa = PBXResourcesBuildPhase;
			buildActionMask = 2147483647;
			files = (
				02071FD62285CC2000A4122E /* LaunchScreen.storyboard in Resources */,
				02071FD32285CC2000A4122E /* Assets.xcassets in Resources */,
				02071FD12285CC1F00A4122E /* Main.storyboard in Resources */,
			);
			runOnlyForDeploymentPostprocessing = 0;
		};
/* End PBXResourcesBuildPhase section */

/* Begin PBXSourcesBuildPhase section */
		02071FC42285CC1F00A4122E /* Sources */ = {
			isa = PBXSourcesBuildPhase;
			buildActionMask = 2147483647;
			files = (
				02071FED2285D67200A4122E /* CoreDataStack.swift in Sources */,
				02071FCC2285CC1F00A4122E /* AppDelegate.swift in Sources */,
				02071FE32285CE6900A4122E /* Groceries.xcdatamodeld in Sources */,
				02071FE92285D11900A4122E /* GroceriesTableViewCell.swift in Sources */,
				02071FEB2285D3CB00A4122E /* Groceries+Convenience.swift in Sources */,
				02071FE52285CEE700A4122E /* GroceriesTableViewController.swift in Sources */,
				02071FE72285CF1200A4122E /* GroceriesController.swift in Sources */,
			);
			runOnlyForDeploymentPostprocessing = 0;
		};
/* End PBXSourcesBuildPhase section */

/* Begin PBXVariantGroup section */
		02071FCF2285CC1F00A4122E /* Main.storyboard */ = {
			isa = PBXVariantGroup;
			children = (
				02071FD02285CC1F00A4122E /* Base */,
			);
			name = Main.storyboard;
			sourceTree = "<group>";
		};
		02071FD42285CC2000A4122E /* LaunchScreen.storyboard */ = {
			isa = PBXVariantGroup;
			children = (
				02071FD52285CC2000A4122E /* Base */,
			);
			name = LaunchScreen.storyboard;
			sourceTree = "<group>";
		};
/* End PBXVariantGroup section */

/* Begin XCBuildConfiguration section */
		02071FD82285CC2000A4122E /* Debug */ = {
			isa = XCBuildConfiguration;
			buildSettings = {
				ALWAYS_SEARCH_USER_PATHS = NO;
				CLANG_ANALYZER_NONNULL = YES;
				CLANG_ANALYZER_NUMBER_OBJECT_CONVERSION = YES_AGGRESSIVE;
				CLANG_CXX_LANGUAGE_STANDARD = "gnu++14";
				CLANG_CXX_LIBRARY = "libc++";
				CLANG_ENABLE_MODULES = YES;
				CLANG_ENABLE_OBJC_ARC = YES;
				CLANG_ENABLE_OBJC_WEAK = YES;
				CLANG_WARN_BLOCK_CAPTURE_AUTORELEASING = YES;
				CLANG_WARN_BOOL_CONVERSION = YES;
				CLANG_WARN_COMMA = YES;
				CLANG_WARN_CONSTANT_CONVERSION = YES;
				CLANG_WARN_DEPRECATED_OBJC_IMPLEMENTATIONS = YES;
				CLANG_WARN_DIRECT_OBJC_ISA_USAGE = YES_ERROR;
				CLANG_WARN_DOCUMENTATION_COMMENTS = YES;
				CLANG_WARN_EMPTY_BODY = YES;
				CLANG_WARN_ENUM_CONVERSION = YES;
				CLANG_WARN_INFINITE_RECURSION = YES;
				CLANG_WARN_INT_CONVERSION = YES;
				CLANG_WARN_NON_LITERAL_NULL_CONVERSION = YES;
				CLANG_WARN_OBJC_IMPLICIT_RETAIN_SELF = YES;
				CLANG_WARN_OBJC_LITERAL_CONVERSION = YES;
				CLANG_WARN_OBJC_ROOT_CLASS = YES_ERROR;
				CLANG_WARN_RANGE_LOOP_ANALYSIS = YES;
				CLANG_WARN_STRICT_PROTOTYPES = YES;
				CLANG_WARN_SUSPICIOUS_MOVE = YES;
				CLANG_WARN_UNGUARDED_AVAILABILITY = YES_AGGRESSIVE;
				CLANG_WARN_UNREACHABLE_CODE = YES;
				CLANG_WARN__DUPLICATE_METHOD_MATCH = YES;
				CODE_SIGN_IDENTITY = "iPhone Developer";
				COPY_PHASE_STRIP = NO;
				DEBUG_INFORMATION_FORMAT = dwarf;
				ENABLE_STRICT_OBJC_MSGSEND = YES;
				ENABLE_TESTABILITY = YES;
				GCC_C_LANGUAGE_STANDARD = gnu11;
				GCC_DYNAMIC_NO_PIC = NO;
				GCC_NO_COMMON_BLOCKS = YES;
				GCC_OPTIMIZATION_LEVEL = 0;
				GCC_PREPROCESSOR_DEFINITIONS = (
					"DEBUG=1",
					"$(inherited)",
				);
				GCC_WARN_64_TO_32_BIT_CONVERSION = YES;
				GCC_WARN_ABOUT_RETURN_TYPE = YES_ERROR;
				GCC_WARN_UNDECLARED_SELECTOR = YES;
				GCC_WARN_UNINITIALIZED_AUTOS = YES_AGGRESSIVE;
				GCC_WARN_UNUSED_FUNCTION = YES;
				GCC_WARN_UNUSED_VARIABLE = YES;
				IPHONEOS_DEPLOYMENT_TARGET = 12.2;
				MTL_ENABLE_DEBUG_INFO = INCLUDE_SOURCE;
				MTL_FAST_MATH = YES;
				ONLY_ACTIVE_ARCH = YES;
				SDKROOT = iphoneos;
				SWIFT_ACTIVE_COMPILATION_CONDITIONS = DEBUG;
				SWIFT_OPTIMIZATION_LEVEL = "-Onone";
			};
			name = Debug;
		};
		02071FD92285CC2000A4122E /* Release */ = {
			isa = XCBuildConfiguration;
			buildSettings = {
				ALWAYS_SEARCH_USER_PATHS = NO;
				CLANG_ANALYZER_NONNULL = YES;
				CLANG_ANALYZER_NUMBER_OBJECT_CONVERSION = YES_AGGRESSIVE;
				CLANG_CXX_LANGUAGE_STANDARD = "gnu++14";
				CLANG_CXX_LIBRARY = "libc++";
				CLANG_ENABLE_MODULES = YES;
				CLANG_ENABLE_OBJC_ARC = YES;
				CLANG_ENABLE_OBJC_WEAK = YES;
				CLANG_WARN_BLOCK_CAPTURE_AUTORELEASING = YES;
				CLANG_WARN_BOOL_CONVERSION = YES;
				CLANG_WARN_COMMA = YES;
				CLANG_WARN_CONSTANT_CONVERSION = YES;
				CLANG_WARN_DEPRECATED_OBJC_IMPLEMENTATIONS = YES;
				CLANG_WARN_DIRECT_OBJC_ISA_USAGE = YES_ERROR;
				CLANG_WARN_DOCUMENTATION_COMMENTS = YES;
				CLANG_WARN_EMPTY_BODY = YES;
				CLANG_WARN_ENUM_CONVERSION = YES;
				CLANG_WARN_INFINITE_RECURSION = YES;
				CLANG_WARN_INT_CONVERSION = YES;
				CLANG_WARN_NON_LITERAL_NULL_CONVERSION = YES;
				CLANG_WARN_OBJC_IMPLICIT_RETAIN_SELF = YES;
				CLANG_WARN_OBJC_LITERAL_CONVERSION = YES;
				CLANG_WARN_OBJC_ROOT_CLASS = YES_ERROR;
				CLANG_WARN_RANGE_LOOP_ANALYSIS = YES;
				CLANG_WARN_STRICT_PROTOTYPES = YES;
				CLANG_WARN_SUSPICIOUS_MOVE = YES;
				CLANG_WARN_UNGUARDED_AVAILABILITY = YES_AGGRESSIVE;
				CLANG_WARN_UNREACHABLE_CODE = YES;
				CLANG_WARN__DUPLICATE_METHOD_MATCH = YES;
				CODE_SIGN_IDENTITY = "iPhone Developer";
				COPY_PHASE_STRIP = NO;
				DEBUG_INFORMATION_FORMAT = "dwarf-with-dsym";
				ENABLE_NS_ASSERTIONS = NO;
				ENABLE_STRICT_OBJC_MSGSEND = YES;
				GCC_C_LANGUAGE_STANDARD = gnu11;
				GCC_NO_COMMON_BLOCKS = YES;
				GCC_WARN_64_TO_32_BIT_CONVERSION = YES;
				GCC_WARN_ABOUT_RETURN_TYPE = YES_ERROR;
				GCC_WARN_UNDECLARED_SELECTOR = YES;
				GCC_WARN_UNINITIALIZED_AUTOS = YES_AGGRESSIVE;
				GCC_WARN_UNUSED_FUNCTION = YES;
				GCC_WARN_UNUSED_VARIABLE = YES;
				IPHONEOS_DEPLOYMENT_TARGET = 12.2;
				MTL_ENABLE_DEBUG_INFO = NO;
				MTL_FAST_MATH = YES;
				SDKROOT = iphoneos;
				SWIFT_COMPILATION_MODE = wholemodule;
				SWIFT_OPTIMIZATION_LEVEL = "-O";
				VALIDATE_PRODUCT = YES;
			};
			name = Release;
		};
		02071FDB2285CC2000A4122E /* Debug */ = {
			isa = XCBuildConfiguration;
			buildSettings = {
				ASSETCATALOG_COMPILER_APPICON_NAME = AppIcon;
				CODE_SIGN_STYLE = Automatic;
				INFOPLIST_FILE = "$(SRCROOT)/Groceries/Resources/Info.plist";
				LD_RUNPATH_SEARCH_PATHS = (
					"$(inherited)",
					"@executable_path/Frameworks",
				);
				PRODUCT_BUNDLE_IDENTIFIER = com.srussellh.Assessment2;
				PRODUCT_NAME = "$(TARGET_NAME)";
				SWIFT_VERSION = 5.0;
				TARGETED_DEVICE_FAMILY = "1,2";
			};
			name = Debug;
		};
		02071FDC2285CC2000A4122E /* Release */ = {
			isa = XCBuildConfiguration;
			buildSettings = {
				ASSETCATALOG_COMPILER_APPICON_NAME = AppIcon;
				CODE_SIGN_STYLE = Automatic;
				INFOPLIST_FILE = "$(SRCROOT)/Groceries/Resources/Info.plist";
				LD_RUNPATH_SEARCH_PATHS = (
					"$(inherited)",
					"@executable_path/Frameworks",
				);
				PRODUCT_BUNDLE_IDENTIFIER = com.srussellh.Assessment2;
				PRODUCT_NAME = "$(TARGET_NAME)";
				SWIFT_VERSION = 5.0;
				TARGETED_DEVICE_FAMILY = "1,2";
			};
			name = Release;
		};
/* End XCBuildConfiguration section */

/* Begin XCConfigurationList section */
		02071FC32285CC1F00A4122E /* Build configuration list for PBXProject "Groceries" */ = {
			isa = XCConfigurationList;
			buildConfigurations = (
				02071FD82285CC2000A4122E /* Debug */,
				02071FD92285CC2000A4122E /* Release */,
			);
			defaultConfigurationIsVisible = 0;
			defaultConfigurationName = Release;
		};
		02071FDA2285CC2000A4122E /* Build configuration list for PBXNativeTarget "Groceries" */ = {
			isa = XCConfigurationList;
			buildConfigurations = (
				02071FDB2285CC2000A4122E /* Debug */,
				02071FDC2285CC2000A4122E /* Release */,
			);
			defaultConfigurationIsVisible = 0;
			defaultConfigurationName = Release;
		};
/* End XCConfigurationList section */

/* Begin XCVersionGroup section */
		02071FE12285CE6900A4122E /* Groceries.xcdatamodeld */ = {
			isa = XCVersionGroup;
			children = (
				02071FE22285CE6900A4122E /* Groceries.xcdatamodel */,
			);
			currentVersion = 02071FE22285CE6900A4122E /* Groceries.xcdatamodel */;
			path = Groceries.xcdatamodeld;
			sourceTree = "<group>";
			versionGroupType = wrapper.xcdatamodel;
		};
/* End XCVersionGroup section */
	};
	rootObject = 02071FC02285CC1F00A4122E /* Project object */;
}
